// !$*UTF8*$!
{
	archiveVersion = 1;
	classes = {
	};
	objectVersion = 52;
	objects = {

/* Begin PBXBuildFile section */
		770010692580F664005C7BA3 /* Translator.swift in Sources */ = {isa = PBXBuildFile; fileRef = 770010682580F664005C7BA3 /* Translator.swift */; };
		7731E55B25A02BF0006B0573 /* PostView.swift in Sources */ = {isa = PBXBuildFile; fileRef = 7731E55A25A02BF0006B0573 /* PostView.swift */; };
		7731E56025A02D14006B0573 /* EditPostView.swift in Sources */ = {isa = PBXBuildFile; fileRef = 7731E55F25A02D14006B0573 /* EditPostView.swift */; };
		77654669256A201C0042CC97 /* Receiver.swift in Sources */ = {isa = PBXBuildFile; fileRef = 77654668256A201C0042CC97 /* Receiver.swift */; };
		B4271983252DE97500B81CD7 /* MacondoApp.swift in Sources */ = {isa = PBXBuildFile; fileRef = B4271982252DE97500B81CD7 /* MacondoApp.swift */; };
		B4271985252DE97500B81CD7 /* ContentView.swift in Sources */ = {isa = PBXBuildFile; fileRef = B4271984252DE97500B81CD7 /* ContentView.swift */; };
		B4271987252DE97700B81CD7 /* Assets.xcassets in Resources */ = {isa = PBXBuildFile; fileRef = B4271986252DE97700B81CD7 /* Assets.xcassets */; };
		B427198A252DE97700B81CD7 /* Preview Assets.xcassets in Resources */ = {isa = PBXBuildFile; fileRef = B4271989252DE97700B81CD7 /* Preview Assets.xcassets */; };
		B4271996252DE97700B81CD7 /* MacondoTests.swift in Sources */ = {isa = PBXBuildFile; fileRef = B4271995252DE97700B81CD7 /* MacondoTests.swift */; };
		B42719A1252DE97700B81CD7 /* MacondoUITests.swift in Sources */ = {isa = PBXBuildFile; fileRef = B42719A0252DE97700B81CD7 /* MacondoUITests.swift */; };
		B42719B9252DEADF00B81CD7 /* SQLite in Frameworks */ = {isa = PBXBuildFile; productRef = B42719B8252DEADF00B81CD7 /* SQLite */; };
		B42719C1252DEF2900B81CD7 /* Sqlite.swift in Sources */ = {isa = PBXBuildFile; fileRef = B42719C0252DEF2900B81CD7 /* Sqlite.swift */; };
		B42719CA252DEF6A00B81CD7 /* Base64.swift in Sources */ = {isa = PBXBuildFile; fileRef = B42719C9252DEF6A00B81CD7 /* Base64.swift */; };
		B42719CF252DEFBD00B81CD7 /* Data.swift in Sources */ = {isa = PBXBuildFile; fileRef = B42719CE252DEFBD00B81CD7 /* Data.swift */; };
		B42719D4252DEFDD00B81CD7 /* Time.swift in Sources */ = {isa = PBXBuildFile; fileRef = B42719D3252DEFDD00B81CD7 /* Time.swift */; };
		B4BCC6A9252EE55100F8FA20 /* Generator.swift in Sources */ = {isa = PBXBuildFile; fileRef = B4BCC6A8252EE55100F8FA20 /* Generator.swift */; };
/* End PBXBuildFile section */

/* Begin PBXContainerItemProxy section */
		B4271992252DE97700B81CD7 /* PBXContainerItemProxy */ = {
			isa = PBXContainerItemProxy;
			containerPortal = B4271977252DE97500B81CD7 /* Project object */;
			proxyType = 1;
			remoteGlobalIDString = B427197E252DE97500B81CD7;
			remoteInfo = Macondo;
		};
		B427199D252DE97700B81CD7 /* PBXContainerItemProxy */ = {
			isa = PBXContainerItemProxy;
			containerPortal = B4271977252DE97500B81CD7 /* Project object */;
			proxyType = 1;
			remoteGlobalIDString = B427197E252DE97500B81CD7;
			remoteInfo = Macondo;
		};
/* End PBXContainerItemProxy section */

/* Begin PBXFileReference section */
		770010682580F664005C7BA3 /* Translator.swift */ = {isa = PBXFileReference; lastKnownFileType = sourcecode.swift; path = Translator.swift; sourceTree = "<group>"; };
		7731E55A25A02BF0006B0573 /* PostView.swift */ = {isa = PBXFileReference; lastKnownFileType = sourcecode.swift; path = PostView.swift; sourceTree = "<group>"; };
		7731E55F25A02D14006B0573 /* EditPostView.swift */ = {isa = PBXFileReference; lastKnownFileType = sourcecode.swift; path = EditPostView.swift; sourceTree = "<group>"; };
		77654668256A201C0042CC97 /* Receiver.swift */ = {isa = PBXFileReference; lastKnownFileType = sourcecode.swift; path = Receiver.swift; sourceTree = "<group>"; };
		B427197F252DE97500B81CD7 /* Macondo.app */ = {isa = PBXFileReference; explicitFileType = wrapper.application; includeInIndex = 0; path = Macondo.app; sourceTree = BUILT_PRODUCTS_DIR; };
		B4271982252DE97500B81CD7 /* MacondoApp.swift */ = {isa = PBXFileReference; lastKnownFileType = sourcecode.swift; path = MacondoApp.swift; sourceTree = "<group>"; };
		B4271984252DE97500B81CD7 /* ContentView.swift */ = {isa = PBXFileReference; lastKnownFileType = sourcecode.swift; path = ContentView.swift; sourceTree = "<group>"; };
		B4271986252DE97700B81CD7 /* Assets.xcassets */ = {isa = PBXFileReference; lastKnownFileType = folder.assetcatalog; path = Assets.xcassets; sourceTree = "<group>"; };
		B4271989252DE97700B81CD7 /* Preview Assets.xcassets */ = {isa = PBXFileReference; lastKnownFileType = folder.assetcatalog; path = "Preview Assets.xcassets"; sourceTree = "<group>"; };
		B427198B252DE97700B81CD7 /* Info.plist */ = {isa = PBXFileReference; lastKnownFileType = text.plist.xml; path = Info.plist; sourceTree = "<group>"; };
		B427198C252DE97700B81CD7 /* Macondo.entitlements */ = {isa = PBXFileReference; lastKnownFileType = text.plist.entitlements; path = Macondo.entitlements; sourceTree = "<group>"; };
		B4271991252DE97700B81CD7 /* MacondoTests.xctest */ = {isa = PBXFileReference; explicitFileType = wrapper.cfbundle; includeInIndex = 0; path = MacondoTests.xctest; sourceTree = BUILT_PRODUCTS_DIR; };
		B4271995252DE97700B81CD7 /* MacondoTests.swift */ = {isa = PBXFileReference; lastKnownFileType = sourcecode.swift; path = MacondoTests.swift; sourceTree = "<group>"; };
		B4271997252DE97700B81CD7 /* Info.plist */ = {isa = PBXFileReference; lastKnownFileType = text.plist.xml; path = Info.plist; sourceTree = "<group>"; };
		B427199C252DE97700B81CD7 /* MacondoUITests.xctest */ = {isa = PBXFileReference; explicitFileType = wrapper.cfbundle; includeInIndex = 0; path = MacondoUITests.xctest; sourceTree = BUILT_PRODUCTS_DIR; };
		B42719A0252DE97700B81CD7 /* MacondoUITests.swift */ = {isa = PBXFileReference; lastKnownFileType = sourcecode.swift; path = MacondoUITests.swift; sourceTree = "<group>"; };
		B42719A2252DE97700B81CD7 /* Info.plist */ = {isa = PBXFileReference; lastKnownFileType = text.plist.xml; path = Info.plist; sourceTree = "<group>"; };
		B42719C0252DEF2900B81CD7 /* Sqlite.swift */ = {isa = PBXFileReference; lastKnownFileType = sourcecode.swift; path = Sqlite.swift; sourceTree = "<group>"; };
		B42719C9252DEF6A00B81CD7 /* Base64.swift */ = {isa = PBXFileReference; lastKnownFileType = sourcecode.swift; path = Base64.swift; sourceTree = "<group>"; };
		B42719CE252DEFBD00B81CD7 /* Data.swift */ = {isa = PBXFileReference; lastKnownFileType = sourcecode.swift; path = Data.swift; sourceTree = "<group>"; };
		B42719D3252DEFDD00B81CD7 /* Time.swift */ = {isa = PBXFileReference; lastKnownFileType = sourcecode.swift; path = Time.swift; sourceTree = "<group>"; };
		B4BCC6A8252EE55100F8FA20 /* Generator.swift */ = {isa = PBXFileReference; lastKnownFileType = sourcecode.swift; path = Generator.swift; sourceTree = "<group>"; };
/* End PBXFileReference section */

/* Begin PBXFrameworksBuildPhase section */
		B427197C252DE97500B81CD7 /* Frameworks */ = {
			isa = PBXFrameworksBuildPhase;
			buildActionMask = 2147483647;
			files = (
				B42719B9252DEADF00B81CD7 /* SQLite in Frameworks */,
			);
			runOnlyForDeploymentPostprocessing = 0;
		};
		B427198E252DE97700B81CD7 /* Frameworks */ = {
			isa = PBXFrameworksBuildPhase;
			buildActionMask = 2147483647;
			files = (
			);
			runOnlyForDeploymentPostprocessing = 0;
		};
		B4271999252DE97700B81CD7 /* Frameworks */ = {
			isa = PBXFrameworksBuildPhase;
			buildActionMask = 2147483647;
			files = (
			);
			runOnlyForDeploymentPostprocessing = 0;
		};
/* End PBXFrameworksBuildPhase section */

/* Begin PBXGroup section */
		7731E55925A02BD2006B0573 /* View */ = {
			isa = PBXGroup;
			children = (
				7731E55A25A02BF0006B0573 /* PostView.swift */,
				7731E55F25A02D14006B0573 /* EditPostView.swift */,
			);
			path = View;
			sourceTree = "<group>";
		};
		B4271976252DE97500B81CD7 = {
			isa = PBXGroup;
			children = (
				B4271981252DE97500B81CD7 /* Macondo */,
				B4271994252DE97700B81CD7 /* MacondoTests */,
				B427199F252DE97700B81CD7 /* MacondoUITests */,
				B4271980252DE97500B81CD7 /* Products */,
			);
			sourceTree = "<group>";
		};
		B4271980252DE97500B81CD7 /* Products */ = {
			isa = PBXGroup;
			children = (
				B427197F252DE97500B81CD7 /* Macondo.app */,
				B4271991252DE97700B81CD7 /* MacondoTests.xctest */,
				B427199C252DE97700B81CD7 /* MacondoUITests.xctest */,
			);
			name = Products;
			sourceTree = "<group>";
		};
		B4271981252DE97500B81CD7 /* Macondo */ = {
			isa = PBXGroup;
			children = (
				7731E55925A02BD2006B0573 /* View */,
				B42719C8252DEF5B00B81CD7 /* Util */,
				B42719BF252DEF0800B81CD7 /* Data */,
				B4271982252DE97500B81CD7 /* MacondoApp.swift */,
				B4271984252DE97500B81CD7 /* ContentView.swift */,
				B4271986252DE97700B81CD7 /* Assets.xcassets */,
				B427198B252DE97700B81CD7 /* Info.plist */,
				B427198C252DE97700B81CD7 /* Macondo.entitlements */,
				B4271988252DE97700B81CD7 /* Preview Content */,
			);
			path = Macondo;
			sourceTree = "<group>";
		};
		B4271988252DE97700B81CD7 /* Preview Content */ = {
			isa = PBXGroup;
			children = (
				B4271989252DE97700B81CD7 /* Preview Assets.xcassets */,
			);
			path = "Preview Content";
			sourceTree = "<group>";
		};
		B4271994252DE97700B81CD7 /* MacondoTests */ = {
			isa = PBXGroup;
			children = (
				B4271995252DE97700B81CD7 /* MacondoTests.swift */,
				B4271997252DE97700B81CD7 /* Info.plist */,
			);
			path = MacondoTests;
			sourceTree = "<group>";
		};
		B427199F252DE97700B81CD7 /* MacondoUITests */ = {
			isa = PBXGroup;
			children = (
				B42719A0252DE97700B81CD7 /* MacondoUITests.swift */,
				B42719A2252DE97700B81CD7 /* Info.plist */,
			);
			path = MacondoUITests;
			sourceTree = "<group>";
		};
		B42719BF252DEF0800B81CD7 /* Data */ = {
			isa = PBXGroup;
			children = (
				B42719C0252DEF2900B81CD7 /* Sqlite.swift */,
				B42719CE252DEFBD00B81CD7 /* Data.swift */,
			);
			path = Data;
			sourceTree = "<group>";
		};
		B42719C8252DEF5B00B81CD7 /* Util */ = {
			isa = PBXGroup;
			children = (
				B42719C9252DEF6A00B81CD7 /* Base64.swift */,
				B42719D3252DEFDD00B81CD7 /* Time.swift */,
				B4BCC6A8252EE55100F8FA20 /* Generator.swift */,
				77654668256A201C0042CC97 /* Receiver.swift */,
				770010682580F664005C7BA3 /* Translator.swift */,
			);
			path = Util;
			sourceTree = "<group>";
		};
/* End PBXGroup section */

/* Begin PBXNativeTarget section */
		B427197E252DE97500B81CD7 /* Macondo */ = {
			isa = PBXNativeTarget;
			buildConfigurationList = B42719A5252DE97700B81CD7 /* Build configuration list for PBXNativeTarget "Macondo" */;
			buildPhases = (
				B427197B252DE97500B81CD7 /* Sources */,
				B427197C252DE97500B81CD7 /* Frameworks */,
				B427197D252DE97500B81CD7 /* Resources */,
			);
			buildRules = (
			);
			dependencies = (
			);
			name = Macondo;
			packageProductDependencies = (
				B42719B8252DEADF00B81CD7 /* SQLite */,
			);
			productName = Macondo;
			productReference = B427197F252DE97500B81CD7 /* Macondo.app */;
			productType = "com.apple.product-type.application";
		};
		B4271990252DE97700B81CD7 /* MacondoTests */ = {
			isa = PBXNativeTarget;
			buildConfigurationList = B42719A8252DE97700B81CD7 /* Build configuration list for PBXNativeTarget "MacondoTests" */;
			buildPhases = (
				B427198D252DE97700B81CD7 /* Sources */,
				B427198E252DE97700B81CD7 /* Frameworks */,
				B427198F252DE97700B81CD7 /* Resources */,
			);
			buildRules = (
			);
			dependencies = (
				B4271993252DE97700B81CD7 /* PBXTargetDependency */,
			);
			name = MacondoTests;
			productName = MacondoTests;
			productReference = B4271991252DE97700B81CD7 /* MacondoTests.xctest */;
			productType = "com.apple.product-type.bundle.unit-test";
		};
		B427199B252DE97700B81CD7 /* MacondoUITests */ = {
			isa = PBXNativeTarget;
			buildConfigurationList = B42719AB252DE97700B81CD7 /* Build configuration list for PBXNativeTarget "MacondoUITests" */;
			buildPhases = (
				B4271998252DE97700B81CD7 /* Sources */,
				B4271999252DE97700B81CD7 /* Frameworks */,
				B427199A252DE97700B81CD7 /* Resources */,
			);
			buildRules = (
			);
			dependencies = (
				B427199E252DE97700B81CD7 /* PBXTargetDependency */,
			);
			name = MacondoUITests;
			productName = MacondoUITests;
			productReference = B427199C252DE97700B81CD7 /* MacondoUITests.xctest */;
			productType = "com.apple.product-type.bundle.ui-testing";
		};
/* End PBXNativeTarget section */

/* Begin PBXProject section */
		B4271977252DE97500B81CD7 /* Project object */ = {
			isa = PBXProject;
			attributes = {
				LastSwiftUpdateCheck = 1220;
				LastUpgradeCheck = 1220;
				TargetAttributes = {
					B427197E252DE97500B81CD7 = {
						CreatedOnToolsVersion = 12.2;
					};
					B4271990252DE97700B81CD7 = {
						CreatedOnToolsVersion = 12.2;
						TestTargetID = B427197E252DE97500B81CD7;
					};
					B427199B252DE97700B81CD7 = {
						CreatedOnToolsVersion = 12.2;
						TestTargetID = B427197E252DE97500B81CD7;
					};
				};
			};
			buildConfigurationList = B427197A252DE97500B81CD7 /* Build configuration list for PBXProject "Macondo" */;
			compatibilityVersion = "Xcode 9.3";
			developmentRegion = en;
			hasScannedForEncodings = 0;
			knownRegions = (
				en,
				Base,
			);
			mainGroup = B4271976252DE97500B81CD7;
			packageReferences = (
				B42719B7252DEADF00B81CD7 /* XCRemoteSwiftPackageReference "SQLite.swift" */,
			);
			productRefGroup = B4271980252DE97500B81CD7 /* Products */;
			projectDirPath = "";
			projectRoot = "";
			targets = (
				B427197E252DE97500B81CD7 /* Macondo */,
				B4271990252DE97700B81CD7 /* MacondoTests */,
				B427199B252DE97700B81CD7 /* MacondoUITests */,
			);
		};
/* End PBXProject section */

/* Begin PBXResourcesBuildPhase section */
		B427197D252DE97500B81CD7 /* Resources */ = {
			isa = PBXResourcesBuildPhase;
			buildActionMask = 2147483647;
			files = (
				B427198A252DE97700B81CD7 /* Preview Assets.xcassets in Resources */,
				B4271987252DE97700B81CD7 /* Assets.xcassets in Resources */,
			);
			runOnlyForDeploymentPostprocessing = 0;
		};
		B427198F252DE97700B81CD7 /* Resources */ = {
			isa = PBXResourcesBuildPhase;
			buildActionMask = 2147483647;
			files = (
			);
			runOnlyForDeploymentPostprocessing = 0;
		};
		B427199A252DE97700B81CD7 /* Resources */ = {
			isa = PBXResourcesBuildPhase;
			buildActionMask = 2147483647;
			files = (
			);
			runOnlyForDeploymentPostprocessing = 0;
		};
/* End PBXResourcesBuildPhase section */

/* Begin PBXSourcesBuildPhase section */
		B427197B252DE97500B81CD7 /* Sources */ = {
			isa = PBXSourcesBuildPhase;
			buildActionMask = 2147483647;
			files = (
				B42719D4252DEFDD00B81CD7 /* Time.swift in Sources */,
				B42719CA252DEF6A00B81CD7 /* Base64.swift in Sources */,
				B42719CF252DEFBD00B81CD7 /* Data.swift in Sources */,
				770010692580F664005C7BA3 /* Translator.swift in Sources */,
				B4271985252DE97500B81CD7 /* ContentView.swift in Sources */,
				B4BCC6A9252EE55100F8FA20 /* Generator.swift in Sources */,
				B42719C1252DEF2900B81CD7 /* Sqlite.swift in Sources */,
				77654669256A201C0042CC97 /* Receiver.swift in Sources */,
				7731E56025A02D14006B0573 /* EditPostView.swift in Sources */,
				7731E55B25A02BF0006B0573 /* PostView.swift in Sources */,
				B4271983252DE97500B81CD7 /* MacondoApp.swift in Sources */,
			);
			runOnlyForDeploymentPostprocessing = 0;
		};
		B427198D252DE97700B81CD7 /* Sources */ = {
			isa = PBXSourcesBuildPhase;
			buildActionMask = 2147483647;
			files = (
				B4271996252DE97700B81CD7 /* MacondoTests.swift in Sources */,
			);
			runOnlyForDeploymentPostprocessing = 0;
		};
		B4271998252DE97700B81CD7 /* Sources */ = {
			isa = PBXSourcesBuildPhase;
			buildActionMask = 2147483647;
			files = (
				B42719A1252DE97700B81CD7 /* MacondoUITests.swift in Sources */,
			);
			runOnlyForDeploymentPostprocessing = 0;
		};
/* End PBXSourcesBuildPhase section */

/* Begin PBXTargetDependency section */
		B4271993252DE97700B81CD7 /* PBXTargetDependency */ = {
			isa = PBXTargetDependency;
			target = B427197E252DE97500B81CD7 /* Macondo */;
			targetProxy = B4271992252DE97700B81CD7 /* PBXContainerItemProxy */;
		};
		B427199E252DE97700B81CD7 /* PBXTargetDependency */ = {
			isa = PBXTargetDependency;
			target = B427197E252DE97500B81CD7 /* Macondo */;
			targetProxy = B427199D252DE97700B81CD7 /* PBXContainerItemProxy */;
		};
/* End PBXTargetDependency section */

/* Begin XCBuildConfiguration section */
		B42719A3252DE97700B81CD7 /* Debug */ = {
			isa = XCBuildConfiguration;
			buildSettings = {
				ALWAYS_SEARCH_USER_PATHS = NO;
				CLANG_ANALYZER_NONNULL = YES;
				CLANG_ANALYZER_NUMBER_OBJECT_CONVERSION = YES_AGGRESSIVE;
				CLANG_CXX_LANGUAGE_STANDARD = "gnu++14";
				CLANG_CXX_LIBRARY = "libc++";
				CLANG_ENABLE_MODULES = YES;
				CLANG_ENABLE_OBJC_ARC = YES;
				CLANG_ENABLE_OBJC_WEAK = YES;
				CLANG_WARN_BLOCK_CAPTURE_AUTORELEASING = YES;
				CLANG_WARN_BOOL_CONVERSION = YES;
				CLANG_WARN_COMMA = YES;
				CLANG_WARN_CONSTANT_CONVERSION = YES;
				CLANG_WARN_DEPRECATED_OBJC_IMPLEMENTATIONS = YES;
				CLANG_WARN_DIRECT_OBJC_ISA_USAGE = YES_ERROR;
				CLANG_WARN_DOCUMENTATION_COMMENTS = YES;
				CLANG_WARN_EMPTY_BODY = YES;
				CLANG_WARN_ENUM_CONVERSION = YES;
				CLANG_WARN_INFINITE_RECURSION = YES;
				CLANG_WARN_INT_CONVERSION = YES;
				CLANG_WARN_NON_LITERAL_NULL_CONVERSION = YES;
				CLANG_WARN_OBJC_IMPLICIT_RETAIN_SELF = YES;
				CLANG_WARN_OBJC_LITERAL_CONVERSION = YES;
				CLANG_WARN_OBJC_ROOT_CLASS = YES_ERROR;
				CLANG_WARN_QUOTED_INCLUDE_IN_FRAMEWORK_HEADER = YES;
				CLANG_WARN_RANGE_LOOP_ANALYSIS = YES;
				CLANG_WARN_STRICT_PROTOTYPES = YES;
				CLANG_WARN_SUSPICIOUS_MOVE = YES;
				CLANG_WARN_UNGUARDED_AVAILABILITY = YES_AGGRESSIVE;
				CLANG_WARN_UNREACHABLE_CODE = YES;
				CLANG_WARN__DUPLICATE_METHOD_MATCH = YES;
				COPY_PHASE_STRIP = NO;
				DEBUG_INFORMATION_FORMAT = dwarf;
				ENABLE_STRICT_OBJC_MSGSEND = YES;
				ENABLE_TESTABILITY = YES;
				GCC_C_LANGUAGE_STANDARD = gnu11;
				GCC_DYNAMIC_NO_PIC = NO;
				GCC_NO_COMMON_BLOCKS = YES;
				GCC_OPTIMIZATION_LEVEL = 0;
				GCC_PREPROCESSOR_DEFINITIONS = (
					"DEBUG=1",
					"$(inherited)",
				);
				GCC_WARN_64_TO_32_BIT_CONVERSION = YES;
				GCC_WARN_ABOUT_RETURN_TYPE = YES_ERROR;
				GCC_WARN_UNDECLARED_SELECTOR = YES;
				GCC_WARN_UNINITIALIZED_AUTOS = YES_AGGRESSIVE;
				GCC_WARN_UNUSED_FUNCTION = YES;
				GCC_WARN_UNUSED_VARIABLE = YES;
				MACOSX_DEPLOYMENT_TARGET = 11.0;
				MTL_ENABLE_DEBUG_INFO = INCLUDE_SOURCE;
				MTL_FAST_MATH = YES;
				ONLY_ACTIVE_ARCH = YES;
				SDKROOT = macosx;
				SWIFT_ACTIVE_COMPILATION_CONDITIONS = DEBUG;
				SWIFT_OPTIMIZATION_LEVEL = "-Onone";
			};
			name = Debug;
		};
		B42719A4252DE97700B81CD7 /* Release */ = {
			isa = XCBuildConfiguration;
			buildSettings = {
				ALWAYS_SEARCH_USER_PATHS = NO;
				CLANG_ANALYZER_NONNULL = YES;
				CLANG_ANALYZER_NUMBER_OBJECT_CONVERSION = YES_AGGRESSIVE;
				CLANG_CXX_LANGUAGE_STANDARD = "gnu++14";
				CLANG_CXX_LIBRARY = "libc++";
				CLANG_ENABLE_MODULES = YES;
				CLANG_ENABLE_OBJC_ARC = YES;
				CLANG_ENABLE_OBJC_WEAK = YES;
				CLANG_WARN_BLOCK_CAPTURE_AUTORELEASING = YES;
				CLANG_WARN_BOOL_CONVERSION = YES;
				CLANG_WARN_COMMA = YES;
				CLANG_WARN_CONSTANT_CONVERSION = YES;
				CLANG_WARN_DEPRECATED_OBJC_IMPLEMENTATIONS = YES;
				CLANG_WARN_DIRECT_OBJC_ISA_USAGE = YES_ERROR;
				CLANG_WARN_DOCUMENTATION_COMMENTS = YES;
				CLANG_WARN_EMPTY_BODY = YES;
				CLANG_WARN_ENUM_CONVERSION = YES;
				CLANG_WARN_INFINITE_RECURSION = YES;
				CLANG_WARN_INT_CONVERSION = YES;
				CLANG_WARN_NON_LITERAL_NULL_CONVERSION = YES;
				CLANG_WARN_OBJC_IMPLICIT_RETAIN_SELF = YES;
				CLANG_WARN_OBJC_LITERAL_CONVERSION = YES;
				CLANG_WARN_OBJC_ROOT_CLASS = YES_ERROR;
				CLANG_WARN_QUOTED_INCLUDE_IN_FRAMEWORK_HEADER = YES;
				CLANG_WARN_RANGE_LOOP_ANALYSIS = YES;
				CLANG_WARN_STRICT_PROTOTYPES = YES;
				CLANG_WARN_SUSPICIOUS_MOVE = YES;
				CLANG_WARN_UNGUARDED_AVAILABILITY = YES_AGGRESSIVE;
				CLANG_WARN_UNREACHABLE_CODE = YES;
				CLANG_WARN__DUPLICATE_METHOD_MATCH = YES;
				COPY_PHASE_STRIP = NO;
				DEBUG_INFORMATION_FORMAT = "dwarf-with-dsym";
				ENABLE_NS_ASSERTIONS = NO;
				ENABLE_STRICT_OBJC_MSGSEND = YES;
				GCC_C_LANGUAGE_STANDARD = gnu11;
				GCC_NO_COMMON_BLOCKS = YES;
				GCC_WARN_64_TO_32_BIT_CONVERSION = YES;
				GCC_WARN_ABOUT_RETURN_TYPE = YES_ERROR;
				GCC_WARN_UNDECLARED_SELECTOR = YES;
				GCC_WARN_UNINITIALIZED_AUTOS = YES_AGGRESSIVE;
				GCC_WARN_UNUSED_FUNCTION = YES;
				GCC_WARN_UNUSED_VARIABLE = YES;
				MACOSX_DEPLOYMENT_TARGET = 11.0;
				MTL_ENABLE_DEBUG_INFO = NO;
				MTL_FAST_MATH = YES;
				SDKROOT = macosx;
				SWIFT_COMPILATION_MODE = wholemodule;
				SWIFT_OPTIMIZATION_LEVEL = "-O";
			};
			name = Release;
		};
		B42719A6252DE97700B81CD7 /* Debug */ = {
			isa = XCBuildConfiguration;
			buildSettings = {
				ASSETCATALOG_COMPILER_APPICON_NAME = AppIcon;
				ASSETCATALOG_COMPILER_GLOBAL_ACCENT_COLOR_NAME = AccentColor;
				CODE_SIGN_ENTITLEMENTS = Macondo/Macondo.entitlements;
				CODE_SIGN_STYLE = Automatic;
				COMBINE_HIDPI_IMAGES = YES;
				CURRENT_PROJECT_VERSION = 17;
				DEVELOPMENT_ASSET_PATHS = "\"Macondo/Preview Content\"";
				DEVELOPMENT_TEAM = 7VKUQ8WZHV;
				ENABLE_HARDENED_RUNTIME = YES;
				ENABLE_PREVIEWS = YES;
				INFOPLIST_FILE = Macondo/Info.plist;
				LD_RUNPATH_SEARCH_PATHS = (
					"$(inherited)",
					"@executable_path/../Frameworks",
				);
				MACOSX_DEPLOYMENT_TARGET = 11.0;
				MARKETING_VERSION = 2.0.3;
				PRODUCT_BUNDLE_IDENTIFIER = world.jxx.Macondo;
				PRODUCT_NAME = "$(TARGET_NAME)";
				SWIFT_VERSION = 5.0;
			};
			name = Debug;
		};
		B42719A7252DE97700B81CD7 /* Release */ = {
			isa = XCBuildConfiguration;
			buildSettings = {
				ASSETCATALOG_COMPILER_APPICON_NAME = AppIcon;
				ASSETCATALOG_COMPILER_GLOBAL_ACCENT_COLOR_NAME = AccentColor;
				CODE_SIGN_ENTITLEMENTS = Macondo/Macondo.entitlements;
				CODE_SIGN_STYLE = Automatic;
				COMBINE_HIDPI_IMAGES = YES;
				CURRENT_PROJECT_VERSION = 17;
				DEVELOPMENT_ASSET_PATHS = "\"Macondo/Preview Content\"";
				DEVELOPMENT_TEAM = 7VKUQ8WZHV;
				ENABLE_HARDENED_RUNTIME = YES;
				ENABLE_PREVIEWS = YES;
				INFOPLIST_FILE = Macondo/Info.plist;
				LD_RUNPATH_SEARCH_PATHS = (
					"$(inherited)",
					"@executable_path/../Frameworks",
				);
				MACOSX_DEPLOYMENT_TARGET = 11.0;
				MARKETING_VERSION = 2.0.3;
				PRODUCT_BUNDLE_IDENTIFIER = world.jxx.Macondo;
				PRODUCT_NAME = "$(TARGET_NAME)";
				SWIFT_VERSION = 5.0;
			};
			name = Release;
		};
		B42719A9252DE97700B81CD7 /* Debug */ = {
			isa = XCBuildConfiguration;
			buildSettings = {
				ALWAYS_EMBED_SWIFT_STANDARD_LIBRARIES = YES;
				BUNDLE_LOADER = "$(TEST_HOST)";
				CODE_SIGN_STYLE = Automatic;
				COMBINE_HIDPI_IMAGES = YES;
				DEVELOPMENT_TEAM = 7VKUQ8WZHV;
				INFOPLIST_FILE = MacondoTests/Info.plist;
				LD_RUNPATH_SEARCH_PATHS = (
					"$(inherited)",
					"@executable_path/../Frameworks",
					"@loader_path/../Frameworks",
				);
				MACOSX_DEPLOYMENT_TARGET = 11.0;
				PRODUCT_BUNDLE_IDENTIFIER = world.jxx.world.MacondoTests;
				PRODUCT_NAME = "$(TARGET_NAME)";
				SWIFT_VERSION = 5.0;
				TEST_HOST = "$(BUILT_PRODUCTS_DIR)/Macondo.app/Contents/MacOS/Macondo";
			};
			name = Debug;
		};
		B42719AA252DE97700B81CD7 /* Release */ = {
			isa = XCBuildConfiguration;
			buildSettings = {
				ALWAYS_EMBED_SWIFT_STANDARD_LIBRARIES = YES;
				BUNDLE_LOADER = "$(TEST_HOST)";
				CODE_SIGN_STYLE = Automatic;
				COMBINE_HIDPI_IMAGES = YES;
				DEVELOPMENT_TEAM = 7VKUQ8WZHV;
				INFOPLIST_FILE = MacondoTests/Info.plist;
				LD_RUNPATH_SEARCH_PATHS = (
					"$(inherited)",
					"@executable_path/../Frameworks",
					"@loader_path/../Frameworks",
				);
				MACOSX_DEPLOYMENT_TARGET = 11.0;
				PRODUCT_BUNDLE_IDENTIFIER = world.jxx.world.MacondoTests;
				PRODUCT_NAME = "$(TARGET_NAME)";
				SWIFT_VERSION = 5.0;
				TEST_HOST = "$(BUILT_PRODUCTS_DIR)/Macondo.app/Contents/MacOS/Macondo";
			};
			name = Release;
		};
		B42719AC252DE97700B81CD7 /* Debug */ = {
			isa = XCBuildConfiguration;
			buildSettings = {
				ALWAYS_EMBED_SWIFT_STANDARD_LIBRARIES = YES;
				CODE_SIGN_STYLE = Automatic;
				COMBINE_HIDPI_IMAGES = YES;
				DEVELOPMENT_TEAM = 7VKUQ8WZHV;
				INFOPLIST_FILE = MacondoUITests/Info.plist;
				LD_RUNPATH_SEARCH_PATHS = (
					"$(inherited)",
					"@executable_path/../Frameworks",
					"@loader_path/../Frameworks",
				);
				PRODUCT_BUNDLE_IDENTIFIER = world.jxx.world.MacondoUITests;
				PRODUCT_NAME = "$(TARGET_NAME)";
				SWIFT_VERSION = 5.0;
				TEST_TARGET_NAME = Macondo;
			};
			name = Debug;
		};
		B42719AD252DE97700B81CD7 /* Release */ = {
			isa = XCBuildConfiguration;
			buildSettings = {
				ALWAYS_EMBED_SWIFT_STANDARD_LIBRARIES = YES;
				CODE_SIGN_STYLE = Automatic;
				COMBINE_HIDPI_IMAGES = YES;
				DEVELOPMENT_TEAM = 7VKUQ8WZHV;
				INFOPLIST_FILE = MacondoUITests/Info.plist;
				LD_RUNPATH_SEARCH_PATHS = (
					"$(inherited)",
					"@executable_path/../Frameworks",
					"@loader_path/../Frameworks",
				);
				PRODUCT_BUNDLE_IDENTIFIER = world.jxx.world.MacondoUITests;
				PRODUCT_NAME = "$(TARGET_NAME)";
				SWIFT_VERSION = 5.0;
				TEST_TARGET_NAME = Macondo;
			};
			name = Release;
		};
/* End XCBuildConfiguration section */

/* Begin XCConfigurationList section */
		B427197A252DE97500B81CD7 /* Build configuration list for PBXProject "Macondo" */ = {
			isa = XCConfigurationList;
			buildConfigurations = (
				B42719A3252DE97700B81CD7 /* Debug */,
				B42719A4252DE97700B81CD7 /* Release */,
			);
			defaultConfigurationIsVisible = 0;
			defaultConfigurationName = Release;
		};
		B42719A5252DE97700B81CD7 /* Build configuration list for PBXNativeTarget "Macondo" */ = {
			isa = XCConfigurationList;
			buildConfigurations = (
				B42719A6252DE97700B81CD7 /* Debug */,
				B42719A7252DE97700B81CD7 /* Release */,
			);
			defaultConfigurationIsVisible = 0;
			defaultConfigurationName = Release;
		};
		B42719A8252DE97700B81CD7 /* Build configuration list for PBXNativeTarget "MacondoTests" */ = {
			isa = XCConfigurationList;
			buildConfigurations = (
				B42719A9252DE97700B81CD7 /* Debug */,
				B42719AA252DE97700B81CD7 /* Release */,
			);
			defaultConfigurationIsVisible = 0;
			defaultConfigurationName = Release;
		};
		B42719AB252DE97700B81CD7 /* Build configuration list for PBXNativeTarget "MacondoUITests" */ = {
			isa = XCConfigurationList;
			buildConfigurations = (
				B42719AC252DE97700B81CD7 /* Debug */,
				B42719AD252DE97700B81CD7 /* Release */,
			);
			defaultConfigurationIsVisible = 0;
			defaultConfigurationName = Release;
		};
/* End XCConfigurationList section */

/* Begin XCRemoteSwiftPackageReference section */
		B42719B7252DEADF00B81CD7 /* XCRemoteSwiftPackageReference "SQLite.swift" */ = {
			isa = XCRemoteSwiftPackageReference;
			repositoryURL = "https://github.com/stephencelis/SQLite.swift.git";
			requirement = {
				kind = upToNextMajorVersion;
				minimumVersion = 0.12.2;
			};
		};
/* End XCRemoteSwiftPackageReference section */

/* Begin XCSwiftPackageProductDependency section */
		B42719B8252DEADF00B81CD7 /* SQLite */ = {
			isa = XCSwiftPackageProductDependency;
			package = B42719B7252DEADF00B81CD7 /* XCRemoteSwiftPackageReference "SQLite.swift" */;
			productName = SQLite;
		};
/* End XCSwiftPackageProductDependency section */
	};
	rootObject = B4271977252DE97500B81CD7 /* Project object */;
}
