// !$*UTF8*$!
{
	archiveVersion = 1;
	classes = {
	};
	objectVersion = 52;
	objects = {

/* Begin PBXBuildFile section */
		B40C025A24DCF808006F5725 /* Generator.swift in Sources */ = {isa = PBXBuildFile; fileRef = B40C025924DCF808006F5725 /* Generator.swift */; };
		B418FBC424CE815800BAC9D6 /* Node.swift in Sources */ = {isa = PBXBuildFile; fileRef = B418FBC324CE815800BAC9D6 /* Node.swift */; };
		B418FBC624CE84C700BAC9D6 /* Content.swift in Sources */ = {isa = PBXBuildFile; fileRef = B418FBC524CE84C700BAC9D6 /* Content.swift */; };
		B41B2EA824CD2AB500AB47E2 /* Preferences in Frameworks */ = {isa = PBXBuildFile; productRef = B41B2EA724CD2AB500AB47E2 /* Preferences */; };
		B4246B5C24E0D12B00414A0F /* SQLite in Frameworks */ = {isa = PBXBuildFile; productRef = B4246B5B24E0D12B00414A0F /* SQLite */; };
		B42F0AB224C540A3009BF79C /* Sqlite.swift in Sources */ = {isa = PBXBuildFile; fileRef = B42F0AB124C540A3009BF79C /* Sqlite.swift */; };
		B49339DF24BB0D940084C73E /* AppDelegate.swift in Sources */ = {isa = PBXBuildFile; fileRef = B49339DE24BB0D940084C73E /* AppDelegate.swift */; };
		B49339E124BB0D940084C73E /* ContentView.swift in Sources */ = {isa = PBXBuildFile; fileRef = B49339E024BB0D940084C73E /* ContentView.swift */; };
		B49339E324BB0D960084C73E /* Assets.xcassets in Resources */ = {isa = PBXBuildFile; fileRef = B49339E224BB0D960084C73E /* Assets.xcassets */; };
		B49339E624BB0D960084C73E /* Preview Assets.xcassets in Resources */ = {isa = PBXBuildFile; fileRef = B49339E524BB0D960084C73E /* Preview Assets.xcassets */; };
		B49339F524BB0D960084C73E /* MacondoTests.swift in Sources */ = {isa = PBXBuildFile; fileRef = B49339F424BB0D960084C73E /* MacondoTests.swift */; };
		B4933A0024BB0D960084C73E /* MacondoUITests.swift in Sources */ = {isa = PBXBuildFile; fileRef = B49339FF24BB0D960084C73E /* MacondoUITests.swift */; };
		B4E46DEA24C45153004E6299 /* Data.swift in Sources */ = {isa = PBXBuildFile; fileRef = B4E46DE924C45153004E6299 /* Data.swift */; };
		B4E4920D24C7C956008F6902 /* Main.storyboard in Resources */ = {isa = PBXBuildFile; fileRef = B4E4920C24C7C956008F6902 /* Main.storyboard */; };
		B4E4921224C7CF41008F6902 /* Base64.swift in Sources */ = {isa = PBXBuildFile; fileRef = B4E4921124C7CF41008F6902 /* Base64.swift */; };
		B4E4921F24C7DCE6008F6902 /* Time.swift in Sources */ = {isa = PBXBuildFile; fileRef = B4E4921E24C7DCE6008F6902 /* Time.swift */; };
/* End PBXBuildFile section */

/* Begin PBXContainerItemProxy section */
		B49339F124BB0D960084C73E /* PBXContainerItemProxy */ = {
			isa = PBXContainerItemProxy;
			containerPortal = B49339D324BB0D940084C73E /* Project object */;
			proxyType = 1;
			remoteGlobalIDString = B49339DA24BB0D940084C73E;
			remoteInfo = Macondo;
		};
		B49339FC24BB0D960084C73E /* PBXContainerItemProxy */ = {
			isa = PBXContainerItemProxy;
			containerPortal = B49339D324BB0D940084C73E /* Project object */;
			proxyType = 1;
			remoteGlobalIDString = B49339DA24BB0D940084C73E;
			remoteInfo = Macondo;
		};
/* End PBXContainerItemProxy section */

/* Begin PBXCopyFilesBuildPhase section */
		B43DD4DB24C4648000B9FA21 /* Embed Frameworks */ = {
			isa = PBXCopyFilesBuildPhase;
			buildActionMask = 2147483647;
			dstPath = "";
			dstSubfolderSpec = 10;
			files = (
			);
			name = "Embed Frameworks";
			runOnlyForDeploymentPostprocessing = 0;
		};
/* End PBXCopyFilesBuildPhase section */

/* Begin PBXFileReference section */
		B40C025924DCF808006F5725 /* Generator.swift */ = {isa = PBXFileReference; lastKnownFileType = sourcecode.swift; path = Generator.swift; sourceTree = "<group>"; };
		B418FBC324CE815800BAC9D6 /* Node.swift */ = {isa = PBXFileReference; lastKnownFileType = sourcecode.swift; path = Node.swift; sourceTree = "<group>"; };
		B418FBC524CE84C700BAC9D6 /* Content.swift */ = {isa = PBXFileReference; lastKnownFileType = sourcecode.swift; path = Content.swift; sourceTree = "<group>"; };
		B42F0AB124C540A3009BF79C /* Sqlite.swift */ = {isa = PBXFileReference; lastKnownFileType = sourcecode.swift; path = Sqlite.swift; sourceTree = "<group>"; };
		B49339DB24BB0D940084C73E /* Macondo.app */ = {isa = PBXFileReference; explicitFileType = wrapper.application; includeInIndex = 0; path = Macondo.app; sourceTree = BUILT_PRODUCTS_DIR; };
		B49339DE24BB0D940084C73E /* AppDelegate.swift */ = {isa = PBXFileReference; lastKnownFileType = sourcecode.swift; path = AppDelegate.swift; sourceTree = "<group>"; };
		B49339E024BB0D940084C73E /* ContentView.swift */ = {isa = PBXFileReference; lastKnownFileType = sourcecode.swift; path = ContentView.swift; sourceTree = "<group>"; };
		B49339E224BB0D960084C73E /* Assets.xcassets */ = {isa = PBXFileReference; lastKnownFileType = folder.assetcatalog; path = Assets.xcassets; sourceTree = "<group>"; };
		B49339E524BB0D960084C73E /* Preview Assets.xcassets */ = {isa = PBXFileReference; lastKnownFileType = folder.assetcatalog; path = "Preview Assets.xcassets"; sourceTree = "<group>"; };
		B49339EA24BB0D960084C73E /* Info.plist */ = {isa = PBXFileReference; lastKnownFileType = text.plist.xml; path = Info.plist; sourceTree = "<group>"; };
		B49339EB24BB0D960084C73E /* Macondo.entitlements */ = {isa = PBXFileReference; lastKnownFileType = text.plist.entitlements; path = Macondo.entitlements; sourceTree = "<group>"; };
		B49339F024BB0D960084C73E /* MacondoTests.xctest */ = {isa = PBXFileReference; explicitFileType = wrapper.cfbundle; includeInIndex = 0; path = MacondoTests.xctest; sourceTree = BUILT_PRODUCTS_DIR; };
		B49339F424BB0D960084C73E /* MacondoTests.swift */ = {isa = PBXFileReference; lastKnownFileType = sourcecode.swift; path = MacondoTests.swift; sourceTree = "<group>"; };
		B49339F624BB0D960084C73E /* Info.plist */ = {isa = PBXFileReference; lastKnownFileType = text.plist.xml; path = Info.plist; sourceTree = "<group>"; };
		B49339FB24BB0D960084C73E /* MacondoUITests.xctest */ = {isa = PBXFileReference; explicitFileType = wrapper.cfbundle; includeInIndex = 0; path = MacondoUITests.xctest; sourceTree = BUILT_PRODUCTS_DIR; };
		B49339FF24BB0D960084C73E /* MacondoUITests.swift */ = {isa = PBXFileReference; lastKnownFileType = sourcecode.swift; path = MacondoUITests.swift; sourceTree = "<group>"; };
		B4933A0124BB0D960084C73E /* Info.plist */ = {isa = PBXFileReference; lastKnownFileType = text.plist.xml; path = Info.plist; sourceTree = "<group>"; };
		B4D7EEFF24C54DE00046D7D9 /* README.md */ = {isa = PBXFileReference; lastKnownFileType = net.daringfireball.markdown; path = README.md; sourceTree = "<group>"; };
		B4E46DE924C45153004E6299 /* Data.swift */ = {isa = PBXFileReference; lastKnownFileType = sourcecode.swift; path = Data.swift; sourceTree = "<group>"; };
		B4E4920C24C7C956008F6902 /* Main.storyboard */ = {isa = PBXFileReference; lastKnownFileType = file.storyboard; path = Main.storyboard; sourceTree = "<group>"; };
		B4E4921124C7CF41008F6902 /* Base64.swift */ = {isa = PBXFileReference; lastKnownFileType = sourcecode.swift; path = Base64.swift; sourceTree = "<group>"; };
		B4E4921E24C7DCE6008F6902 /* Time.swift */ = {isa = PBXFileReference; lastKnownFileType = sourcecode.swift; path = Time.swift; sourceTree = "<group>"; };
/* End PBXFileReference section */

/* Begin PBXFrameworksBuildPhase section */
		B49339D824BB0D940084C73E /* Frameworks */ = {
			isa = PBXFrameworksBuildPhase;
			buildActionMask = 2147483647;
			files = (
				B4246B5C24E0D12B00414A0F /* SQLite in Frameworks */,
				B41B2EA824CD2AB500AB47E2 /* Preferences in Frameworks */,
			);
			runOnlyForDeploymentPostprocessing = 0;
		};
		B49339ED24BB0D960084C73E /* Frameworks */ = {
			isa = PBXFrameworksBuildPhase;
			buildActionMask = 2147483647;
			files = (
			);
			runOnlyForDeploymentPostprocessing = 0;
		};
		B49339F824BB0D960084C73E /* Frameworks */ = {
			isa = PBXFrameworksBuildPhase;
			buildActionMask = 2147483647;
			files = (
			);
			runOnlyForDeploymentPostprocessing = 0;
		};
/* End PBXFrameworksBuildPhase section */

/* Begin PBXGroup section */
		B40BA74424CD9DB300857ACD /* world.pixiv.macondo.layout */ = {
			isa = PBXGroup;
			children = (
				B418FBC324CE815800BAC9D6 /* Node.swift */,
				B418FBC524CE84C700BAC9D6 /* Content.swift */,
			);
			path = world.pixiv.macondo.layout;
			sourceTree = "<group>";
		};
		B40C025124DCF7E7006F5725 /* world.pixiv.macondo.generator */ = {
			isa = PBXGroup;
			children = (
				B40C025924DCF808006F5725 /* Generator.swift */,
			);
			path = world.pixiv.macondo.generator;
			sourceTree = "<group>";
		};
		B43DD4D824C4648000B9FA21 /* Frameworks */ = {
			isa = PBXGroup;
			children = (
			);
			name = Frameworks;
			sourceTree = "<group>";
		};
		B49339D224BB0D940084C73E = {
			isa = PBXGroup;
			children = (
				B4D7EEFF24C54DE00046D7D9 /* README.md */,
				B49339DD24BB0D940084C73E /* Macondo */,
				B49339F324BB0D960084C73E /* MacondoTests */,
				B49339FE24BB0D960084C73E /* MacondoUITests */,
				B49339DC24BB0D940084C73E /* Products */,
				B43DD4D824C4648000B9FA21 /* Frameworks */,
			);
			sourceTree = "<group>";
		};
		B49339DC24BB0D940084C73E /* Products */ = {
			isa = PBXGroup;
			children = (
				B49339DB24BB0D940084C73E /* Macondo.app */,
				B49339F024BB0D960084C73E /* MacondoTests.xctest */,
				B49339FB24BB0D960084C73E /* MacondoUITests.xctest */,
			);
			name = Products;
			sourceTree = "<group>";
		};
		B49339DD24BB0D940084C73E /* Macondo */ = {
			isa = PBXGroup;
			children = (
				B40C025124DCF7E7006F5725 /* world.pixiv.macondo.generator */,
				B40BA74424CD9DB300857ACD /* world.pixiv.macondo.layout */,
				B4E4920F24C7CEEA008F6902 /* world.pixiv.macondo.util */,
				B4E4920E24C7CEDA008F6902 /* world.pixiv.macondo.data */,
				B49339DE24BB0D940084C73E /* AppDelegate.swift */,
				B49339E024BB0D940084C73E /* ContentView.swift */,
				B4E4920C24C7C956008F6902 /* Main.storyboard */,
				B49339E224BB0D960084C73E /* Assets.xcassets */,
				B49339EA24BB0D960084C73E /* Info.plist */,
				B49339EB24BB0D960084C73E /* Macondo.entitlements */,
				B49339E424BB0D960084C73E /* Preview Content */,
			);
			path = Macondo;
			sourceTree = "<group>";
		};
		B49339E424BB0D960084C73E /* Preview Content */ = {
			isa = PBXGroup;
			children = (
				B49339E524BB0D960084C73E /* Preview Assets.xcassets */,
			);
			path = "Preview Content";
			sourceTree = "<group>";
		};
		B49339F324BB0D960084C73E /* MacondoTests */ = {
			isa = PBXGroup;
			children = (
				B49339F424BB0D960084C73E /* MacondoTests.swift */,
				B49339F624BB0D960084C73E /* Info.plist */,
			);
			path = MacondoTests;
			sourceTree = "<group>";
		};
		B49339FE24BB0D960084C73E /* MacondoUITests */ = {
			isa = PBXGroup;
			children = (
				B49339FF24BB0D960084C73E /* MacondoUITests.swift */,
				B4933A0124BB0D960084C73E /* Info.plist */,
			);
			path = MacondoUITests;
			sourceTree = "<group>";
		};
		B4E4920E24C7CEDA008F6902 /* world.pixiv.macondo.data */ = {
			isa = PBXGroup;
			children = (
				B42F0AB124C540A3009BF79C /* Sqlite.swift */,
				B4E46DE924C45153004E6299 /* Data.swift */,
			);
			path = world.pixiv.macondo.data;
			sourceTree = "<group>";
		};
		B4E4920F24C7CEEA008F6902 /* world.pixiv.macondo.util */ = {
			isa = PBXGroup;
			children = (
				B4E4921624C7DCCF008F6902 /* world.pixiv.macondo.time */,
				B4E4921024C7CEF8008F6902 /* world.pixiv.macondo.base64 */,
			);
			path = world.pixiv.macondo.util;
			sourceTree = "<group>";
		};
		B4E4921024C7CEF8008F6902 /* world.pixiv.macondo.base64 */ = {
			isa = PBXGroup;
			children = (
				B4E4921124C7CF41008F6902 /* Base64.swift */,
			);
			path = world.pixiv.macondo.base64;
			sourceTree = "<group>";
		};
		B4E4921624C7DCCF008F6902 /* world.pixiv.macondo.time */ = {
			isa = PBXGroup;
			children = (
				B4E4921E24C7DCE6008F6902 /* Time.swift */,
			);
			path = world.pixiv.macondo.time;
			sourceTree = "<group>";
		};
/* End PBXGroup section */

/* Begin PBXNativeTarget section */
		B49339DA24BB0D940084C73E /* Macondo */ = {
			isa = PBXNativeTarget;
			buildConfigurationList = B4933A0424BB0D960084C73E /* Build configuration list for PBXNativeTarget "Macondo" */;
			buildPhases = (
				B49339D724BB0D940084C73E /* Sources */,
				B49339D824BB0D940084C73E /* Frameworks */,
				B49339D924BB0D940084C73E /* Resources */,
				B43DD4DB24C4648000B9FA21 /* Embed Frameworks */,
			);
			buildRules = (
			);
			dependencies = (
			);
			name = Macondo;
			packageProductDependencies = (
				B41B2EA724CD2AB500AB47E2 /* Preferences */,
				B4246B5B24E0D12B00414A0F /* SQLite */,
			);
			productName = Macondo;
			productReference = B49339DB24BB0D940084C73E /* Macondo.app */;
			productType = "com.apple.product-type.application";
		};
		B49339EF24BB0D960084C73E /* MacondoTests */ = {
			isa = PBXNativeTarget;
			buildConfigurationList = B4933A0724BB0D960084C73E /* Build configuration list for PBXNativeTarget "MacondoTests" */;
			buildPhases = (
				B49339EC24BB0D960084C73E /* Sources */,
				B49339ED24BB0D960084C73E /* Frameworks */,
				B49339EE24BB0D960084C73E /* Resources */,
			);
			buildRules = (
			);
			dependencies = (
				B49339F224BB0D960084C73E /* PBXTargetDependency */,
			);
			name = MacondoTests;
			productName = MacondoTests;
			productReference = B49339F024BB0D960084C73E /* MacondoTests.xctest */;
			productType = "com.apple.product-type.bundle.unit-test";
		};
		B49339FA24BB0D960084C73E /* MacondoUITests */ = {
			isa = PBXNativeTarget;
			buildConfigurationList = B4933A0A24BB0D960084C73E /* Build configuration list for PBXNativeTarget "MacondoUITests" */;
			buildPhases = (
				B49339F724BB0D960084C73E /* Sources */,
				B49339F824BB0D960084C73E /* Frameworks */,
				B49339F924BB0D960084C73E /* Resources */,
			);
			buildRules = (
			);
			dependencies = (
				B49339FD24BB0D960084C73E /* PBXTargetDependency */,
			);
			name = MacondoUITests;
			productName = MacondoUITests;
			productReference = B49339FB24BB0D960084C73E /* MacondoUITests.xctest */;
			productType = "com.apple.product-type.bundle.ui-testing";
		};
/* End PBXNativeTarget section */

/* Begin PBXProject section */
		B49339D324BB0D940084C73E /* Project object */ = {
			isa = PBXProject;
			attributes = {
				LastSwiftUpdateCheck = 1150;
				LastUpgradeCheck = 1150;
				ORGANIZATIONNAME = "Louise Joe Shen";
				TargetAttributes = {
					B49339DA24BB0D940084C73E = {
						CreatedOnToolsVersion = 11.5;
					};
					B49339EF24BB0D960084C73E = {
						CreatedOnToolsVersion = 11.5;
						TestTargetID = B49339DA24BB0D940084C73E;
					};
					B49339FA24BB0D960084C73E = {
						CreatedOnToolsVersion = 11.5;
						TestTargetID = B49339DA24BB0D940084C73E;
					};
				};
			};
			buildConfigurationList = B49339D624BB0D940084C73E /* Build configuration list for PBXProject "Macondo" */;
			compatibilityVersion = "Xcode 9.3";
			developmentRegion = en;
			hasScannedForEncodings = 0;
			knownRegions = (
				en,
				Base,
			);
			mainGroup = B49339D224BB0D940084C73E;
			packageReferences = (
				B41B2EA624CD2AB500AB47E2 /* XCRemoteSwiftPackageReference "Preferences" */,
				B4246B5A24E0D12B00414A0F /* XCRemoteSwiftPackageReference "SQLite" */,
			);
			productRefGroup = B49339DC24BB0D940084C73E /* Products */;
			projectDirPath = "";
			projectRoot = "";
			targets = (
				B49339DA24BB0D940084C73E /* Macondo */,
				B49339EF24BB0D960084C73E /* MacondoTests */,
				B49339FA24BB0D960084C73E /* MacondoUITests */,
			);
		};
/* End PBXProject section */

/* Begin PBXResourcesBuildPhase section */
		B49339D924BB0D940084C73E /* Resources */ = {
			isa = PBXResourcesBuildPhase;
			buildActionMask = 2147483647;
			files = (
				B4E4920D24C7C956008F6902 /* Main.storyboard in Resources */,
				B49339E624BB0D960084C73E /* Preview Assets.xcassets in Resources */,
				B49339E324BB0D960084C73E /* Assets.xcassets in Resources */,
			);
			runOnlyForDeploymentPostprocessing = 0;
		};
		B49339EE24BB0D960084C73E /* Resources */ = {
			isa = PBXResourcesBuildPhase;
			buildActionMask = 2147483647;
			files = (
			);
			runOnlyForDeploymentPostprocessing = 0;
		};
		B49339F924BB0D960084C73E /* Resources */ = {
			isa = PBXResourcesBuildPhase;
			buildActionMask = 2147483647;
			files = (
			);
			runOnlyForDeploymentPostprocessing = 0;
		};
/* End PBXResourcesBuildPhase section */

/* Begin PBXSourcesBuildPhase section */
		B49339D724BB0D940084C73E /* Sources */ = {
			isa = PBXSourcesBuildPhase;
			buildActionMask = 2147483647;
			files = (
				B4E4921F24C7DCE6008F6902 /* Time.swift in Sources */,
				B49339E124BB0D940084C73E /* ContentView.swift in Sources */,
				B42F0AB224C540A3009BF79C /* Sqlite.swift in Sources */,
				B418FBC624CE84C700BAC9D6 /* Content.swift in Sources */,
				B4E46DEA24C45153004E6299 /* Data.swift in Sources */,
				B4E4921224C7CF41008F6902 /* Base64.swift in Sources */,
				B40C025A24DCF808006F5725 /* Generator.swift in Sources */,
				B49339DF24BB0D940084C73E /* AppDelegate.swift in Sources */,
				B418FBC424CE815800BAC9D6 /* Node.swift in Sources */,
			);
			runOnlyForDeploymentPostprocessing = 0;
		};
		B49339EC24BB0D960084C73E /* Sources */ = {
			isa = PBXSourcesBuildPhase;
			buildActionMask = 2147483647;
			files = (
				B49339F524BB0D960084C73E /* MacondoTests.swift in Sources */,
			);
			runOnlyForDeploymentPostprocessing = 0;
		};
		B49339F724BB0D960084C73E /* Sources */ = {
			isa = PBXSourcesBuildPhase;
			buildActionMask = 2147483647;
			files = (
				B4933A0024BB0D960084C73E /* MacondoUITests.swift in Sources */,
			);
			runOnlyForDeploymentPostprocessing = 0;
		};
/* End PBXSourcesBuildPhase section */

/* Begin PBXTargetDependency section */
		B49339F224BB0D960084C73E /* PBXTargetDependency */ = {
			isa = PBXTargetDependency;
			target = B49339DA24BB0D940084C73E /* Macondo */;
			targetProxy = B49339F124BB0D960084C73E /* PBXContainerItemProxy */;
		};
		B49339FD24BB0D960084C73E /* PBXTargetDependency */ = {
			isa = PBXTargetDependency;
			target = B49339DA24BB0D940084C73E /* Macondo */;
			targetProxy = B49339FC24BB0D960084C73E /* PBXContainerItemProxy */;
		};
/* End PBXTargetDependency section */

/* Begin XCBuildConfiguration section */
		B4933A0224BB0D960084C73E /* Debug */ = {
			isa = XCBuildConfiguration;
			buildSettings = {
				ALWAYS_SEARCH_USER_PATHS = NO;
				CLANG_ANALYZER_NONNULL = YES;
				CLANG_ANALYZER_NUMBER_OBJECT_CONVERSION = YES_AGGRESSIVE;
				CLANG_CXX_LANGUAGE_STANDARD = "gnu++14";
				CLANG_CXX_LIBRARY = "libc++";
				CLANG_ENABLE_MODULES = YES;
				CLANG_ENABLE_OBJC_ARC = YES;
				CLANG_ENABLE_OBJC_WEAK = YES;
				CLANG_WARN_BLOCK_CAPTURE_AUTORELEASING = YES;
				CLANG_WARN_BOOL_CONVERSION = YES;
				CLANG_WARN_COMMA = YES;
				CLANG_WARN_CONSTANT_CONVERSION = YES;
				CLANG_WARN_DEPRECATED_OBJC_IMPLEMENTATIONS = YES;
				CLANG_WARN_DIRECT_OBJC_ISA_USAGE = YES_ERROR;
				CLANG_WARN_DOCUMENTATION_COMMENTS = YES;
				CLANG_WARN_EMPTY_BODY = YES;
				CLANG_WARN_ENUM_CONVERSION = YES;
				CLANG_WARN_INFINITE_RECURSION = YES;
				CLANG_WARN_INT_CONVERSION = YES;
				CLANG_WARN_NON_LITERAL_NULL_CONVERSION = YES;
				CLANG_WARN_OBJC_IMPLICIT_RETAIN_SELF = YES;
				CLANG_WARN_OBJC_LITERAL_CONVERSION = YES;
				CLANG_WARN_OBJC_ROOT_CLASS = YES_ERROR;
				CLANG_WARN_RANGE_LOOP_ANALYSIS = YES;
				CLANG_WARN_STRICT_PROTOTYPES = YES;
				CLANG_WARN_SUSPICIOUS_MOVE = YES;
				CLANG_WARN_UNGUARDED_AVAILABILITY = YES_AGGRESSIVE;
				CLANG_WARN_UNREACHABLE_CODE = YES;
				CLANG_WARN__DUPLICATE_METHOD_MATCH = YES;
				COPY_PHASE_STRIP = NO;
				DEBUG_INFORMATION_FORMAT = dwarf;
				ENABLE_STRICT_OBJC_MSGSEND = YES;
				ENABLE_TESTABILITY = YES;
				GCC_C_LANGUAGE_STANDARD = gnu11;
				GCC_DYNAMIC_NO_PIC = NO;
				GCC_NO_COMMON_BLOCKS = YES;
				GCC_OPTIMIZATION_LEVEL = 0;
				GCC_PREPROCESSOR_DEFINITIONS = (
					"DEBUG=1",
					"$(inherited)",
				);
				GCC_WARN_64_TO_32_BIT_CONVERSION = YES;
				GCC_WARN_ABOUT_RETURN_TYPE = YES_ERROR;
				GCC_WARN_UNDECLARED_SELECTOR = YES;
				GCC_WARN_UNINITIALIZED_AUTOS = YES_AGGRESSIVE;
				GCC_WARN_UNUSED_FUNCTION = YES;
				GCC_WARN_UNUSED_VARIABLE = YES;
				MACOSX_DEPLOYMENT_TARGET = 10.15;
				MTL_ENABLE_DEBUG_INFO = INCLUDE_SOURCE;
				MTL_FAST_MATH = YES;
				ONLY_ACTIVE_ARCH = YES;
				SDKROOT = macosx;
				SWIFT_ACTIVE_COMPILATION_CONDITIONS = DEBUG;
				SWIFT_OPTIMIZATION_LEVEL = "-Onone";
			};
			name = Debug;
		};
		B4933A0324BB0D960084C73E /* Release */ = {
			isa = XCBuildConfiguration;
			buildSettings = {
				ALWAYS_SEARCH_USER_PATHS = NO;
				CLANG_ANALYZER_NONNULL = YES;
				CLANG_ANALYZER_NUMBER_OBJECT_CONVERSION = YES_AGGRESSIVE;
				CLANG_CXX_LANGUAGE_STANDARD = "gnu++14";
				CLANG_CXX_LIBRARY = "libc++";
				CLANG_ENABLE_MODULES = YES;
				CLANG_ENABLE_OBJC_ARC = YES;
				CLANG_ENABLE_OBJC_WEAK = YES;
				CLANG_WARN_BLOCK_CAPTURE_AUTORELEASING = YES;
				CLANG_WARN_BOOL_CONVERSION = YES;
				CLANG_WARN_COMMA = YES;
				CLANG_WARN_CONSTANT_CONVERSION = YES;
				CLANG_WARN_DEPRECATED_OBJC_IMPLEMENTATIONS = YES;
				CLANG_WARN_DIRECT_OBJC_ISA_USAGE = YES_ERROR;
				CLANG_WARN_DOCUMENTATION_COMMENTS = YES;
				CLANG_WARN_EMPTY_BODY = YES;
				CLANG_WARN_ENUM_CONVERSION = YES;
				CLANG_WARN_INFINITE_RECURSION = YES;
				CLANG_WARN_INT_CONVERSION = YES;
				CLANG_WARN_NON_LITERAL_NULL_CONVERSION = YES;
				CLANG_WARN_OBJC_IMPLICIT_RETAIN_SELF = YES;
				CLANG_WARN_OBJC_LITERAL_CONVERSION = YES;
				CLANG_WARN_OBJC_ROOT_CLASS = YES_ERROR;
				CLANG_WARN_RANGE_LOOP_ANALYSIS = YES;
				CLANG_WARN_STRICT_PROTOTYPES = YES;
				CLANG_WARN_SUSPICIOUS_MOVE = YES;
				CLANG_WARN_UNGUARDED_AVAILABILITY = YES_AGGRESSIVE;
				CLANG_WARN_UNREACHABLE_CODE = YES;
				CLANG_WARN__DUPLICATE_METHOD_MATCH = YES;
				COPY_PHASE_STRIP = NO;
				DEBUG_INFORMATION_FORMAT = "dwarf-with-dsym";
				ENABLE_NS_ASSERTIONS = NO;
				ENABLE_STRICT_OBJC_MSGSEND = YES;
				GCC_C_LANGUAGE_STANDARD = gnu11;
				GCC_NO_COMMON_BLOCKS = YES;
				GCC_WARN_64_TO_32_BIT_CONVERSION = YES;
				GCC_WARN_ABOUT_RETURN_TYPE = YES_ERROR;
				GCC_WARN_UNDECLARED_SELECTOR = YES;
				GCC_WARN_UNINITIALIZED_AUTOS = YES_AGGRESSIVE;
				GCC_WARN_UNUSED_FUNCTION = YES;
				GCC_WARN_UNUSED_VARIABLE = YES;
				MACOSX_DEPLOYMENT_TARGET = 10.15;
				MTL_ENABLE_DEBUG_INFO = NO;
				MTL_FAST_MATH = YES;
				SDKROOT = macosx;
				SWIFT_COMPILATION_MODE = wholemodule;
				SWIFT_OPTIMIZATION_LEVEL = "-O";
			};
			name = Release;
		};
		B4933A0524BB0D960084C73E /* Debug */ = {
			isa = XCBuildConfiguration;
			buildSettings = {
				ASSETCATALOG_COMPILER_APPICON_NAME = AppIcon;
				CODE_SIGN_ENTITLEMENTS = Macondo/Macondo.entitlements;
				CODE_SIGN_IDENTITY = "-";
				CODE_SIGN_STYLE = Automatic;
				COMBINE_HIDPI_IMAGES = YES;
				CURRENT_PROJECT_VERSION = 2;
				DEVELOPMENT_ASSET_PATHS = "\"Macondo/Preview Content\"";
				ENABLE_PREVIEWS = YES;
				INFOPLIST_FILE = Macondo/Info.plist;
				LD_RUNPATH_SEARCH_PATHS = (
					"$(inherited)",
					"@executable_path/../Frameworks",
				);
				MACOSX_DEPLOYMENT_TARGET = 10.15;
				MARKETING_VERSION = 1.3;
				PRODUCT_BUNDLE_IDENTIFIER = world.pixiv.world.Macondo;
				PRODUCT_NAME = "$(TARGET_NAME)";
				SWIFT_VERSION = 5.0;
			};
			name = Debug;
		};
		B4933A0624BB0D960084C73E /* Release */ = {
			isa = XCBuildConfiguration;
			buildSettings = {
				ASSETCATALOG_COMPILER_APPICON_NAME = AppIcon;
				CODE_SIGN_ENTITLEMENTS = Macondo/Macondo.entitlements;
				CODE_SIGN_IDENTITY = "-";
				CODE_SIGN_STYLE = Automatic;
				COMBINE_HIDPI_IMAGES = YES;
				CURRENT_PROJECT_VERSION = 2;
				DEVELOPMENT_ASSET_PATHS = "\"Macondo/Preview Content\"";
				ENABLE_PREVIEWS = YES;
				INFOPLIST_FILE = Macondo/Info.plist;
				LD_RUNPATH_SEARCH_PATHS = (
					"$(inherited)",
					"@executable_path/../Frameworks",
				);
				MACOSX_DEPLOYMENT_TARGET = 10.15;
				MARKETING_VERSION = 1.3;
				PRODUCT_BUNDLE_IDENTIFIER = world.pixiv.world.Macondo;
				PRODUCT_NAME = "$(TARGET_NAME)";
				SWIFT_VERSION = 5.0;
			};
			name = Release;
		};
		B4933A0824BB0D960084C73E /* Debug */ = {
			isa = XCBuildConfiguration;
			buildSettings = {
				ALWAYS_EMBED_SWIFT_STANDARD_LIBRARIES = YES;
				BUNDLE_LOADER = "$(TEST_HOST)";
				CODE_SIGN_STYLE = Automatic;
				COMBINE_HIDPI_IMAGES = YES;
				INFOPLIST_FILE = MacondoTests/Info.plist;
				LD_RUNPATH_SEARCH_PATHS = (
					"$(inherited)",
					"@executable_path/../Frameworks",
					"@loader_path/../Frameworks",
				);
				MACOSX_DEPLOYMENT_TARGET = 10.15;
				PRODUCT_BUNDLE_IDENTIFIER = world.pixiv.world.MacondoTests;
				PRODUCT_NAME = "$(TARGET_NAME)";
				SWIFT_VERSION = 5.0;
				TEST_HOST = "$(BUILT_PRODUCTS_DIR)/Macondo.app/Contents/MacOS/Macondo";
			};
			name = Debug;
		};
		B4933A0924BB0D960084C73E /* Release */ = {
			isa = XCBuildConfiguration;
			buildSettings = {
				ALWAYS_EMBED_SWIFT_STANDARD_LIBRARIES = YES;
				BUNDLE_LOADER = "$(TEST_HOST)";
				CODE_SIGN_STYLE = Automatic;
				COMBINE_HIDPI_IMAGES = YES;
				INFOPLIST_FILE = MacondoTests/Info.plist;
				LD_RUNPATH_SEARCH_PATHS = (
					"$(inherited)",
					"@executable_path/../Frameworks",
					"@loader_path/../Frameworks",
				);
				MACOSX_DEPLOYMENT_TARGET = 10.15;
				PRODUCT_BUNDLE_IDENTIFIER = world.pixiv.world.MacondoTests;
				PRODUCT_NAME = "$(TARGET_NAME)";
				SWIFT_VERSION = 5.0;
				TEST_HOST = "$(BUILT_PRODUCTS_DIR)/Macondo.app/Contents/MacOS/Macondo";
			};
			name = Release;
		};
		B4933A0B24BB0D960084C73E /* Debug */ = {
			isa = XCBuildConfiguration;
			buildSettings = {
				ALWAYS_EMBED_SWIFT_STANDARD_LIBRARIES = YES;
				CODE_SIGN_STYLE = Automatic;
				COMBINE_HIDPI_IMAGES = YES;
				INFOPLIST_FILE = MacondoUITests/Info.plist;
				LD_RUNPATH_SEARCH_PATHS = (
					"$(inherited)",
					"@executable_path/../Frameworks",
					"@loader_path/../Frameworks",
				);
				PRODUCT_BUNDLE_IDENTIFIER = world.pixiv.world.MacondoUITests;
				PRODUCT_NAME = "$(TARGET_NAME)";
				SWIFT_VERSION = 5.0;
				TEST_TARGET_NAME = Macondo;
			};
			name = Debug;
		};
		B4933A0C24BB0D960084C73E /* Release */ = {
			isa = XCBuildConfiguration;
			buildSettings = {
				ALWAYS_EMBED_SWIFT_STANDARD_LIBRARIES = YES;
				CODE_SIGN_STYLE = Automatic;
				COMBINE_HIDPI_IMAGES = YES;
				INFOPLIST_FILE = MacondoUITests/Info.plist;
				LD_RUNPATH_SEARCH_PATHS = (
					"$(inherited)",
					"@executable_path/../Frameworks",
					"@loader_path/../Frameworks",
				);
				PRODUCT_BUNDLE_IDENTIFIER = world.pixiv.world.MacondoUITests;
				PRODUCT_NAME = "$(TARGET_NAME)";
				SWIFT_VERSION = 5.0;
				TEST_TARGET_NAME = Macondo;
			};
			name = Release;
		};
/* End XCBuildConfiguration section */

/* Begin XCConfigurationList section */
		B49339D624BB0D940084C73E /* Build configuration list for PBXProject "Macondo" */ = {
			isa = XCConfigurationList;
			buildConfigurations = (
				B4933A0224BB0D960084C73E /* Debug */,
				B4933A0324BB0D960084C73E /* Release */,
			);
			defaultConfigurationIsVisible = 0;
			defaultConfigurationName = Release;
		};
		B4933A0424BB0D960084C73E /* Build configuration list for PBXNativeTarget "Macondo" */ = {
			isa = XCConfigurationList;
			buildConfigurations = (
				B4933A0524BB0D960084C73E /* Debug */,
				B4933A0624BB0D960084C73E /* Release */,
			);
			defaultConfigurationIsVisible = 0;
			defaultConfigurationName = Release;
		};
		B4933A0724BB0D960084C73E /* Build configuration list for PBXNativeTarget "MacondoTests" */ = {
			isa = XCConfigurationList;
			buildConfigurations = (
				B4933A0824BB0D960084C73E /* Debug */,
				B4933A0924BB0D960084C73E /* Release */,
			);
			defaultConfigurationIsVisible = 0;
			defaultConfigurationName = Release;
		};
		B4933A0A24BB0D960084C73E /* Build configuration list for PBXNativeTarget "MacondoUITests" */ = {
			isa = XCConfigurationList;
			buildConfigurations = (
				B4933A0B24BB0D960084C73E /* Debug */,
				B4933A0C24BB0D960084C73E /* Release */,
			);
			defaultConfigurationIsVisible = 0;
			defaultConfigurationName = Release;
		};
/* End XCConfigurationList section */

/* Begin XCRemoteSwiftPackageReference section */
		B41B2EA624CD2AB500AB47E2 /* XCRemoteSwiftPackageReference "Preferences" */ = {
			isa = XCRemoteSwiftPackageReference;
			repositoryURL = "https://github.com/sindresorhus/Preferences";
			requirement = {
				kind = upToNextMajorVersion;
				minimumVersion = 2.0.1;
			};
		};
		B4246B5A24E0D12B00414A0F /* XCRemoteSwiftPackageReference "SQLite" */ = {
			isa = XCRemoteSwiftPackageReference;
			repositoryURL = "https://github.com/stephencelis/SQLite.swift";
			requirement = {
				kind = upToNextMajorVersion;
				minimumVersion = 0.12.2;
			};
		};
/* End XCRemoteSwiftPackageReference section */

/* Begin XCSwiftPackageProductDependency section */
		B41B2EA724CD2AB500AB47E2 /* Preferences */ = {
			isa = XCSwiftPackageProductDependency;
			package = B41B2EA624CD2AB500AB47E2 /* XCRemoteSwiftPackageReference "Preferences" */;
			productName = Preferences;
		};
		B4246B5B24E0D12B00414A0F /* SQLite */ = {
			isa = XCSwiftPackageProductDependency;
			package = B4246B5A24E0D12B00414A0F /* XCRemoteSwiftPackageReference "SQLite" */;
			productName = SQLite;
		};
/* End XCSwiftPackageProductDependency section */
	};
	rootObject = B49339D324BB0D940084C73E /* Project object */;
}
